{
  "pins" : [
    {
      "identity" : "alamofire",
      "kind" : "remoteSourceControl",
      "location" : "https://github.com/Alamofire/Alamofire",
      "state" : {
        "revision" : "354dda32d89fc8cd4f5c46487f64957d355f53d8",
        "version" : "5.6.1"
      }
    },
    {
      "identity" : "declarativeui",
      "kind" : "remoteSourceControl",
      "location" : "https://github.com/Holistic-Apps-LTDA/DeclarativeUI",
      "state" : {
        "branch" : "main",
        "revision" : "4b6590bd1c98a695aceced6880f9e49f91d04823"
      }
    }
  ],
  "version" : 2
}
