{
  "pins" : [
    {
      "identity" : "alamofire",
      "kind" : "remoteSourceControl",
      "location" : "https://github.com/Alamofire/Alamofire",
      "state" : {
        "revision" : "354dda32d89fc8cd4f5c46487f64957d355f53d8",
        "version" : "5.6.1"
      }
    },
    {
      "identity" : "declarativeui",
      "kind" : "remoteSourceControl",
      "location" : "https://github.com/Holistic-Apps-LTDA/DeclarativeUI",
      "state" : {
        "revision" : "2cd88ecdd39d3db1bd629f0c44538a547792b8f8",
        "version" : "0.0.10"
      }
    }
  ],
  "version" : 2
}
